
Microsoft Visual Studio Solution File, Format Version 12.00
# Visual Studio Version 16
VisualStudioVersion = 16.0.34601.136
MinimumVisualStudioVersion = 10.0.40219.1
Project("{FAE04EC0-301F-11D3-BF4B-00C04F79EFBC}") = "ConsoleApp1", "ConsoleApp1\ConsoleApp1.csproj", "{DDF01BED-C467-4A09-BEF0-C1E92FDA178C}"
EndProject
Global
	GlobalSection(SolutionConfigurationPlatforms) = preSolution
		Debug|Any CPU = Debug|Any CPU
		Release|Any CPU = Release|Any CPU
	EndGlobalSection
	GlobalSection(ProjectConfigurationPlatforms) = postSolution
		{DDF01BED-C467-4A09-BEF0-C1E92FDA178C}.Debug|Any CPU.ActiveCfg = Debug|Any CPU
		{DDF01BED-C467-4A09-BEF0-C1E92FDA178C}.Debug|Any CPU.Build.0 = Debug|Any CPU
		{DDF01BED-C467-4A09-BEF0-C1E92FDA178C}.Release|Any CPU.ActiveCfg = Release|Any CPU
		{DDF01BED-C467-4A09-BEF0-C1E92FDA178C}.Release|Any CPU.Build.0 = Release|Any CPU
	EndGlobalSection
	GlobalSection(SolutionProperties) = preSolution
		HideSolutionNode = FALSE
	EndGlobalSection
	GlobalSection(ExtensibilityGlobals) = postSolution
		SolutionGuid = {4D32304B-686C-45C7-AAA4-20365E4060BE}
	EndGlobalSection
EndGlobal
